// !$*UTF8*$!
{
	archiveVersion = 1;
	classes = {
	};
	objectVersion = 46;
	objects = {

/* Begin PBXBuildFile section */
		48343145194C7838002CD868 /* Foundation.framework in Frameworks */ = {isa = PBXBuildFile; fileRef = 48343144194C7838002CD868 /* Foundation.framework */; };
		48343147194C7838002CD868 /* CoreGraphics.framework in Frameworks */ = {isa = PBXBuildFile; fileRef = 48343146194C7838002CD868 /* CoreGraphics.framework */; };
		48343149194C7838002CD868 /* UIKit.framework in Frameworks */ = {isa = PBXBuildFile; fileRef = 48343148194C7838002CD868 /* UIKit.framework */; };
		4834314F194C7838002CD868 /* InfoPlist.strings in Resources */ = {isa = PBXBuildFile; fileRef = 4834314D194C7838002CD868 /* InfoPlist.strings */; };
		48343151194C7838002CD868 /* main.m in Sources */ = {isa = PBXBuildFile; fileRef = 48343150194C7838002CD868 /* main.m */; };
		48343155194C7838002CD868 /* HSAppDelegate.m in Sources */ = {isa = PBXBuildFile; fileRef = 48343154194C7838002CD868 /* HSAppDelegate.m */; };
		48343158194C7838002CD868 /* Main_iPhone.storyboard in Resources */ = {isa = PBXBuildFile; fileRef = 48343156194C7838002CD868 /* Main_iPhone.storyboard */; };
		4834315B194C7838002CD868 /* Main_iPad.storyboard in Resources */ = {isa = PBXBuildFile; fileRef = 48343159194C7838002CD868 /* Main_iPad.storyboard */; };
		4834315E194C7838002CD868 /* HSMasterViewController.m in Sources */ = {isa = PBXBuildFile; fileRef = 4834315D194C7838002CD868 /* HSMasterViewController.m */; };
		48343161194C7838002CD868 /* HSDetailViewController.m in Sources */ = {isa = PBXBuildFile; fileRef = 48343160194C7838002CD868 /* HSDetailViewController.m */; };
		48343163194C7838002CD868 /* Images.xcassets in Resources */ = {isa = PBXBuildFile; fileRef = 48343162194C7838002CD868 /* Images.xcassets */; };
		4834316A194C7838002CD868 /* XCTest.framework in Frameworks */ = {isa = PBXBuildFile; fileRef = 48343169194C7838002CD868 /* XCTest.framework */; };
		4834316B194C7838002CD868 /* Foundation.framework in Frameworks */ = {isa = PBXBuildFile; fileRef = 48343144194C7838002CD868 /* Foundation.framework */; };
		4834316C194C7838002CD868 /* UIKit.framework in Frameworks */ = {isa = PBXBuildFile; fileRef = 48343148194C7838002CD868 /* UIKit.framework */; };
		48343174194C7838002CD868 /* InfoPlist.strings in Resources */ = {isa = PBXBuildFile; fileRef = 48343172194C7838002CD868 /* InfoPlist.strings */; };
		48343176194C7838002CD868 /* HitOrShitTests.m in Sources */ = {isa = PBXBuildFile; fileRef = 48343175194C7838002CD868 /* HitOrShitTests.m */; };
		48343182194C7B29002CD868 /* HSWireframe.m in Sources */ = {isa = PBXBuildFile; fileRef = 48343181194C7B29002CD868 /* HSWireframe.m */; };
		48343189194C7DFF002CD868 /* HSMoviesListTableViewController.m in Sources */ = {isa = PBXBuildFile; fileRef = 48343188194C7DFF002CD868 /* HSMoviesListTableViewController.m */; };
		4834318C194C7E30002CD868 /* HSMoviesListPresenter.m in Sources */ = {isa = PBXBuildFile; fileRef = 4834318B194C7E30002CD868 /* HSMoviesListPresenter.m */; };
		4834318F194C7E48002CD868 /* HSMoviesListInteractor.m in Sources */ = {isa = PBXBuildFile; fileRef = 4834318E194C7E48002CD868 /* HSMoviesListInteractor.m */; };
/* End PBXBuildFile section */

/* Begin PBXContainerItemProxy section */
		4834316D194C7838002CD868 /* PBXContainerItemProxy */ = {
			isa = PBXContainerItemProxy;
			containerPortal = 48343139194C7838002CD868 /* Project object */;
			proxyType = 1;
			remoteGlobalIDString = 48343140194C7838002CD868;
			remoteInfo = HitOrShit;
		};
/* End PBXContainerItemProxy section */

/* Begin PBXFileReference section */
		48343141194C7838002CD868 /* HitOrShit.app */ = {isa = PBXFileReference; explicitFileType = wrapper.application; includeInIndex = 0; path = HitOrShit.app; sourceTree = BUILT_PRODUCTS_DIR; };
		48343144194C7838002CD868 /* Foundation.framework */ = {isa = PBXFileReference; lastKnownFileType = wrapper.framework; name = Foundation.framework; path = System/Library/Frameworks/Foundation.framework; sourceTree = SDKROOT; };
		48343146194C7838002CD868 /* CoreGraphics.framework */ = {isa = PBXFileReference; lastKnownFileType = wrapper.framework; name = CoreGraphics.framework; path = System/Library/Frameworks/CoreGraphics.framework; sourceTree = SDKROOT; };
		48343148194C7838002CD868 /* UIKit.framework */ = {isa = PBXFileReference; lastKnownFileType = wrapper.framework; name = UIKit.framework; path = System/Library/Frameworks/UIKit.framework; sourceTree = SDKROOT; };
		4834314C194C7838002CD868 /* HitOrShit-Info.plist */ = {isa = PBXFileReference; lastKnownFileType = text.plist.xml; path = "HitOrShit-Info.plist"; sourceTree = "<group>"; };
		4834314E194C7838002CD868 /* en */ = {isa = PBXFileReference; lastKnownFileType = text.plist.strings; name = en; path = en.lproj/InfoPlist.strings; sourceTree = "<group>"; };
		48343150194C7838002CD868 /* main.m */ = {isa = PBXFileReference; lastKnownFileType = sourcecode.c.objc; path = main.m; sourceTree = "<group>"; };
		48343152194C7838002CD868 /* HitOrShit-Prefix.pch */ = {isa = PBXFileReference; lastKnownFileType = sourcecode.c.h; path = "HitOrShit-Prefix.pch"; sourceTree = "<group>"; };
		48343153194C7838002CD868 /* HSAppDelegate.h */ = {isa = PBXFileReference; lastKnownFileType = sourcecode.c.h; path = HSAppDelegate.h; sourceTree = "<group>"; };
		48343154194C7838002CD868 /* HSAppDelegate.m */ = {isa = PBXFileReference; lastKnownFileType = sourcecode.c.objc; path = HSAppDelegate.m; sourceTree = "<group>"; };
		48343157194C7838002CD868 /* Base */ = {isa = PBXFileReference; lastKnownFileType = file.storyboard; name = Base; path = Base.lproj/Main_iPhone.storyboard; sourceTree = "<group>"; };
		4834315A194C7838002CD868 /* Base */ = {isa = PBXFileReference; lastKnownFileType = file.storyboard; name = Base; path = Base.lproj/Main_iPad.storyboard; sourceTree = "<group>"; };
		4834315C194C7838002CD868 /* HSMasterViewController.h */ = {isa = PBXFileReference; lastKnownFileType = sourcecode.c.h; path = HSMasterViewController.h; sourceTree = "<group>"; };
		4834315D194C7838002CD868 /* HSMasterViewController.m */ = {isa = PBXFileReference; lastKnownFileType = sourcecode.c.objc; path = HSMasterViewController.m; sourceTree = "<group>"; };
		4834315F194C7838002CD868 /* HSDetailViewController.h */ = {isa = PBXFileReference; lastKnownFileType = sourcecode.c.h; path = HSDetailViewController.h; sourceTree = "<group>"; };
		48343160194C7838002CD868 /* HSDetailViewController.m */ = {isa = PBXFileReference; lastKnownFileType = sourcecode.c.objc; path = HSDetailViewController.m; sourceTree = "<group>"; };
		48343162194C7838002CD868 /* Images.xcassets */ = {isa = PBXFileReference; lastKnownFileType = folder.assetcatalog; path = Images.xcassets; sourceTree = "<group>"; };
		48343168194C7838002CD868 /* HitOrShitTests.xctest */ = {isa = PBXFileReference; explicitFileType = wrapper.cfbundle; includeInIndex = 0; path = HitOrShitTests.xctest; sourceTree = BUILT_PRODUCTS_DIR; };
		48343169194C7838002CD868 /* XCTest.framework */ = {isa = PBXFileReference; lastKnownFileType = wrapper.framework; name = XCTest.framework; path = Library/Frameworks/XCTest.framework; sourceTree = DEVELOPER_DIR; };
		48343171194C7838002CD868 /* HitOrShitTests-Info.plist */ = {isa = PBXFileReference; lastKnownFileType = text.plist.xml; path = "HitOrShitTests-Info.plist"; sourceTree = "<group>"; };
		48343173194C7838002CD868 /* en */ = {isa = PBXFileReference; lastKnownFileType = text.plist.strings; name = en; path = en.lproj/InfoPlist.strings; sourceTree = "<group>"; };
		48343175194C7838002CD868 /* HitOrShitTests.m */ = {isa = PBXFileReference; lastKnownFileType = sourcecode.c.objc; path = HitOrShitTests.m; sourceTree = "<group>"; };
		48343180194C7B29002CD868 /* HSWireframe.h */ = {isa = PBXFileReference; fileEncoding = 4; lastKnownFileType = sourcecode.c.h; path = HSWireframe.h; sourceTree = "<group>"; };
		48343181194C7B29002CD868 /* HSWireframe.m */ = {isa = PBXFileReference; fileEncoding = 4; lastKnownFileType = sourcecode.c.objc; path = HSWireframe.m; sourceTree = "<group>"; };
		48343187194C7DFF002CD868 /* HSMoviesListTableViewController.h */ = {isa = PBXFileReference; fileEncoding = 4; lastKnownFileType = sourcecode.c.h; path = HSMoviesListTableViewController.h; sourceTree = "<group>"; };
		48343188194C7DFF002CD868 /* HSMoviesListTableViewController.m */ = {isa = PBXFileReference; fileEncoding = 4; lastKnownFileType = sourcecode.c.objc; path = HSMoviesListTableViewController.m; sourceTree = "<group>"; };
		4834318A194C7E30002CD868 /* HSMoviesListPresenter.h */ = {isa = PBXFileReference; fileEncoding = 4; lastKnownFileType = sourcecode.c.h; path = HSMoviesListPresenter.h; sourceTree = "<group>"; };
		4834318B194C7E30002CD868 /* HSMoviesListPresenter.m */ = {isa = PBXFileReference; fileEncoding = 4; lastKnownFileType = sourcecode.c.objc; path = HSMoviesListPresenter.m; sourceTree = "<group>"; };
		4834318D194C7E48002CD868 /* HSMoviesListInteractor.h */ = {isa = PBXFileReference; fileEncoding = 4; lastKnownFileType = sourcecode.c.h; path = HSMoviesListInteractor.h; sourceTree = "<group>"; };
		4834318E194C7E48002CD868 /* HSMoviesListInteractor.m */ = {isa = PBXFileReference; fileEncoding = 4; lastKnownFileType = sourcecode.c.objc; path = HSMoviesListInteractor.m; sourceTree = "<group>"; };
/* End PBXFileReference section */

/* Begin PBXFrameworksBuildPhase section */
		4834313E194C7838002CD868 /* Frameworks */ = {
			isa = PBXFrameworksBuildPhase;
			buildActionMask = 2147483647;
			files = (
				48343147194C7838002CD868 /* CoreGraphics.framework in Frameworks */,
				48343149194C7838002CD868 /* UIKit.framework in Frameworks */,
				48343145194C7838002CD868 /* Foundation.framework in Frameworks */,
			);
			runOnlyForDeploymentPostprocessing = 0;
		};
		48343165194C7838002CD868 /* Frameworks */ = {
			isa = PBXFrameworksBuildPhase;
			buildActionMask = 2147483647;
			files = (
				4834316A194C7838002CD868 /* XCTest.framework in Frameworks */,
				4834316C194C7838002CD868 /* UIKit.framework in Frameworks */,
				4834316B194C7838002CD868 /* Foundation.framework in Frameworks */,
			);
			runOnlyForDeploymentPostprocessing = 0;
		};
/* End PBXFrameworksBuildPhase section */

/* Begin PBXGroup section */
		48343138194C7838002CD868 = {
			isa = PBXGroup;
			children = (
				4834314A194C7838002CD868 /* HitOrShit */,
				4834316F194C7838002CD868 /* HitOrShitTests */,
				48343143194C7838002CD868 /* Frameworks */,
				48343142194C7838002CD868 /* Products */,
			);
			sourceTree = "<group>";
		};
		48343142194C7838002CD868 /* Products */ = {
			isa = PBXGroup;
			children = (
				48343141194C7838002CD868 /* HitOrShit.app */,
				48343168194C7838002CD868 /* HitOrShitTests.xctest */,
			);
			name = Products;
			sourceTree = "<group>";
		};
		48343143194C7838002CD868 /* Frameworks */ = {
			isa = PBXGroup;
			children = (
				48343144194C7838002CD868 /* Foundation.framework */,
				48343146194C7838002CD868 /* CoreGraphics.framework */,
				48343148194C7838002CD868 /* UIKit.framework */,
				48343169194C7838002CD868 /* XCTest.framework */,
			);
			name = Frameworks;
			sourceTree = "<group>";
		};
		4834314A194C7838002CD868 /* HitOrShit */ = {
			isa = PBXGroup;
			children = (
				48343153194C7838002CD868 /* HSAppDelegate.h */,
				48343154194C7838002CD868 /* HSAppDelegate.m */,
				48343156194C7838002CD868 /* Main_iPhone.storyboard */,
				48343159194C7838002CD868 /* Main_iPad.storyboard */,
				48343180194C7B29002CD868 /* HSWireframe.h */,
				48343181194C7B29002CD868 /* HSWireframe.m */,
				48343186194C7DFF002CD868 /* Movies List */,
				4834315C194C7838002CD868 /* HSMasterViewController.h */,
				4834315D194C7838002CD868 /* HSMasterViewController.m */,
				4834315F194C7838002CD868 /* HSDetailViewController.h */,
				48343160194C7838002CD868 /* HSDetailViewController.m */,
				48343162194C7838002CD868 /* Images.xcassets */,
				4834314B194C7838002CD868 /* Supporting Files */,
			);
			path = HitOrShit;
			sourceTree = "<group>";
		};
		4834314B194C7838002CD868 /* Supporting Files */ = {
			isa = PBXGroup;
			children = (
				4834314C194C7838002CD868 /* HitOrShit-Info.plist */,
				4834314D194C7838002CD868 /* InfoPlist.strings */,
				48343150194C7838002CD868 /* main.m */,
				48343152194C7838002CD868 /* HitOrShit-Prefix.pch */,
			);
			name = "Supporting Files";
			sourceTree = "<group>";
		};
		4834316F194C7838002CD868 /* HitOrShitTests */ = {
			isa = PBXGroup;
			children = (
				48343175194C7838002CD868 /* HitOrShitTests.m */,
				48343170194C7838002CD868 /* Supporting Files */,
			);
			path = HitOrShitTests;
			sourceTree = "<group>";
		};
		48343170194C7838002CD868 /* Supporting Files */ = {
			isa = PBXGroup;
			children = (
				48343171194C7838002CD868 /* HitOrShitTests-Info.plist */,
				48343172194C7838002CD868 /* InfoPlist.strings */,
			);
			name = "Supporting Files";
			sourceTree = "<group>";
		};
		48343186194C7DFF002CD868 /* Movies List */ = {
			isa = PBXGroup;
			children = (
				48343187194C7DFF002CD868 /* HSMoviesListTableViewController.h */,
				48343188194C7DFF002CD868 /* HSMoviesListTableViewController.m */,
				4834318A194C7E30002CD868 /* HSMoviesListPresenter.h */,
				4834318B194C7E30002CD868 /* HSMoviesListPresenter.m */,
				4834318D194C7E48002CD868 /* HSMoviesListInteractor.h */,
				4834318E194C7E48002CD868 /* HSMoviesListInteractor.m */,
			);
			path = "Movies List";
			sourceTree = "<group>";
		};
/* End PBXGroup section */

/* Begin PBXNativeTarget section */
		48343140194C7838002CD868 /* HitOrShit */ = {
			isa = PBXNativeTarget;
			buildConfigurationList = 48343179194C7838002CD868 /* Build configuration list for PBXNativeTarget "HitOrShit" */;
			buildPhases = (
				4834313D194C7838002CD868 /* Sources */,
				4834313E194C7838002CD868 /* Frameworks */,
				4834313F194C7838002CD868 /* Resources */,
			);
			buildRules = (
			);
			dependencies = (
			);
			name = HitOrShit;
			productName = HitOrShit;
			productReference = 48343141194C7838002CD868 /* HitOrShit.app */;
			productType = "com.apple.product-type.application";
		};
		48343167194C7838002CD868 /* HitOrShitTests */ = {
			isa = PBXNativeTarget;
			buildConfigurationList = 4834317C194C7838002CD868 /* Build configuration list for PBXNativeTarget "HitOrShitTests" */;
			buildPhases = (
				48343164194C7838002CD868 /* Sources */,
				48343165194C7838002CD868 /* Frameworks */,
				48343166194C7838002CD868 /* Resources */,
			);
			buildRules = (
			);
			dependencies = (
				4834316E194C7838002CD868 /* PBXTargetDependency */,
			);
			name = HitOrShitTests;
			productName = HitOrShitTests;
			productReference = 48343168194C7838002CD868 /* HitOrShitTests.xctest */;
			productType = "com.apple.product-type.bundle.unit-test";
		};
/* End PBXNativeTarget section */

/* Begin PBXProject section */
		48343139194C7838002CD868 /* Project object */ = {
			isa = PBXProject;
			attributes = {
				CLASSPREFIX = HS;
				LastUpgradeCheck = 0510;
				ORGANIZATIONNAME = "___FULLUSERNAME___";
				TargetAttributes = {
					48343167194C7838002CD868 = {
						TestTargetID = 48343140194C7838002CD868;
					};
				};
			};
			buildConfigurationList = 4834313C194C7838002CD868 /* Build configuration list for PBXProject "HitOrShit" */;
			compatibilityVersion = "Xcode 3.2";
			developmentRegion = English;
			hasScannedForEncodings = 0;
			knownRegions = (
				en,
				Base,
			);
			mainGroup = 48343138194C7838002CD868;
			productRefGroup = 48343142194C7838002CD868 /* Products */;
			projectDirPath = "";
			projectRoot = "";
			targets = (
				48343140194C7838002CD868 /* HitOrShit */,
				48343167194C7838002CD868 /* HitOrShitTests */,
			);
		};
/* End PBXProject section */

/* Begin PBXResourcesBuildPhase section */
		4834313F194C7838002CD868 /* Resources */ = {
			isa = PBXResourcesBuildPhase;
			buildActionMask = 2147483647;
			files = (
				4834315B194C7838002CD868 /* Main_iPad.storyboard in Resources */,
				48343163194C7838002CD868 /* Images.xcassets in Resources */,
				48343158194C7838002CD868 /* Main_iPhone.storyboard in Resources */,
				4834314F194C7838002CD868 /* InfoPlist.strings in Resources */,
			);
			runOnlyForDeploymentPostprocessing = 0;
		};
		48343166194C7838002CD868 /* Resources */ = {
			isa = PBXResourcesBuildPhase;
			buildActionMask = 2147483647;
			files = (
				48343174194C7838002CD868 /* InfoPlist.strings in Resources */,
			);
			runOnlyForDeploymentPostprocessing = 0;
		};
/* End PBXResourcesBuildPhase section */

/* Begin PBXSourcesBuildPhase section */
		4834313D194C7838002CD868 /* Sources */ = {
			isa = PBXSourcesBuildPhase;
			buildActionMask = 2147483647;
			files = (
				4834318F194C7E48002CD868 /* HSMoviesListInteractor.m in Sources */,
				48343161194C7838002CD868 /* HSDetailViewController.m in Sources */,
				48343182194C7B29002CD868 /* HSWireframe.m in Sources */,
				4834318C194C7E30002CD868 /* HSMoviesListPresenter.m in Sources */,
				48343151194C7838002CD868 /* main.m in Sources */,
				48343189194C7DFF002CD868 /* HSMoviesListTableViewController.m in Sources */,
				4834315E194C7838002CD868 /* HSMasterViewController.m in Sources */,
				48343155194C7838002CD868 /* HSAppDelegate.m in Sources */,
			);
			runOnlyForDeploymentPostprocessing = 0;
		};
		48343164194C7838002CD868 /* Sources */ = {
			isa = PBXSourcesBuildPhase;
			buildActionMask = 2147483647;
			files = (
				48343176194C7838002CD868 /* HitOrShitTests.m in Sources */,
			);
			runOnlyForDeploymentPostprocessing = 0;
		};
/* End PBXSourcesBuildPhase section */

/* Begin PBXTargetDependency section */
		4834316E194C7838002CD868 /* PBXTargetDependency */ = {
			isa = PBXTargetDependency;
			target = 48343140194C7838002CD868 /* HitOrShit */;
			targetProxy = 4834316D194C7838002CD868 /* PBXContainerItemProxy */;
		};
/* End PBXTargetDependency section */

/* Begin PBXVariantGroup section */
		4834314D194C7838002CD868 /* InfoPlist.strings */ = {
			isa = PBXVariantGroup;
			children = (
				4834314E194C7838002CD868 /* en */,
			);
			name = InfoPlist.strings;
			sourceTree = "<group>";
		};
		48343156194C7838002CD868 /* Main_iPhone.storyboard */ = {
			isa = PBXVariantGroup;
			children = (
				48343157194C7838002CD868 /* Base */,
			);
			name = Main_iPhone.storyboard;
			sourceTree = "<group>";
		};
		48343159194C7838002CD868 /* Main_iPad.storyboard */ = {
			isa = PBXVariantGroup;
			children = (
				4834315A194C7838002CD868 /* Base */,
			);
			name = Main_iPad.storyboard;
			sourceTree = "<group>";
		};
		48343172194C7838002CD868 /* InfoPlist.strings */ = {
			isa = PBXVariantGroup;
			children = (
				48343173194C7838002CD868 /* en */,
			);
			name = InfoPlist.strings;
			sourceTree = "<group>";
		};
/* End PBXVariantGroup section */

/* Begin XCBuildConfiguration section */
		48343177194C7838002CD868 /* Debug */ = {
			isa = XCBuildConfiguration;
			buildSettings = {
				ALWAYS_SEARCH_USER_PATHS = NO;
				CLANG_CXX_LANGUAGE_STANDARD = "gnu++0x";
				CLANG_CXX_LIBRARY = "libc++";
				CLANG_ENABLE_MODULES = YES;
				CLANG_ENABLE_OBJC_ARC = YES;
				CLANG_WARN_BOOL_CONVERSION = YES;
				CLANG_WARN_CONSTANT_CONVERSION = YES;
				CLANG_WARN_DIRECT_OBJC_ISA_USAGE = YES_ERROR;
				CLANG_WARN_EMPTY_BODY = YES;
				CLANG_WARN_ENUM_CONVERSION = YES;
				CLANG_WARN_INT_CONVERSION = YES;
				CLANG_WARN_OBJC_ROOT_CLASS = YES_ERROR;
				CLANG_WARN__DUPLICATE_METHOD_MATCH = YES;
				"CODE_SIGN_IDENTITY[sdk=iphoneos*]" = "iPhone Developer";
				COPY_PHASE_STRIP = NO;
				GCC_C_LANGUAGE_STANDARD = gnu99;
				GCC_DYNAMIC_NO_PIC = NO;
				GCC_OPTIMIZATION_LEVEL = 0;
				GCC_PREPROCESSOR_DEFINITIONS = (
					"DEBUG=1",
					"$(inherited)",
				);
				GCC_SYMBOLS_PRIVATE_EXTERN = NO;
				GCC_WARN_64_TO_32_BIT_CONVERSION = YES;
				GCC_WARN_ABOUT_RETURN_TYPE = YES_ERROR;
				GCC_WARN_UNDECLARED_SELECTOR = YES;
				GCC_WARN_UNINITIALIZED_AUTOS = YES_AGGRESSIVE;
				GCC_WARN_UNUSED_FUNCTION = YES;
				GCC_WARN_UNUSED_VARIABLE = YES;
				IPHONEOS_DEPLOYMENT_TARGET = 7.1;
				ONLY_ACTIVE_ARCH = YES;
				SDKROOT = iphoneos;
				TARGETED_DEVICE_FAMILY = "1,2";
			};
			name = Debug;
		};
		48343178194C7838002CD868 /* Release */ = {
			isa = XCBuildConfiguration;
			buildSettings = {
				ALWAYS_SEARCH_USER_PATHS = NO;
				CLANG_CXX_LANGUAGE_STANDARD = "gnu++0x";
				CLANG_CXX_LIBRARY = "libc++";
				CLANG_ENABLE_MODULES = YES;
				CLANG_ENABLE_OBJC_ARC = YES;
				CLANG_WARN_BOOL_CONVERSION = YES;
				CLANG_WARN_CONSTANT_CONVERSION = YES;
				CLANG_WARN_DIRECT_OBJC_ISA_USAGE = YES_ERROR;
				CLANG_WARN_EMPTY_BODY = YES;
				CLANG_WARN_ENUM_CONVERSION = YES;
				CLANG_WARN_INT_CONVERSION = YES;
				CLANG_WARN_OBJC_ROOT_CLASS = YES_ERROR;
				CLANG_WARN__DUPLICATE_METHOD_MATCH = YES;
				"CODE_SIGN_IDENTITY[sdk=iphoneos*]" = "iPhone Developer";
				COPY_PHASE_STRIP = YES;
				ENABLE_NS_ASSERTIONS = NO;
				GCC_C_LANGUAGE_STANDARD = gnu99;
				GCC_WARN_64_TO_32_BIT_CONVERSION = YES;
				GCC_WARN_ABOUT_RETURN_TYPE = YES_ERROR;
				GCC_WARN_UNDECLARED_SELECTOR = YES;
				GCC_WARN_UNINITIALIZED_AUTOS = YES_AGGRESSIVE;
				GCC_WARN_UNUSED_FUNCTION = YES;
				GCC_WARN_UNUSED_VARIABLE = YES;
				IPHONEOS_DEPLOYMENT_TARGET = 7.1;
				SDKROOT = iphoneos;
				TARGETED_DEVICE_FAMILY = "1,2";
				VALIDATE_PRODUCT = YES;
			};
			name = Release;
		};
		4834317A194C7838002CD868 /* Debug */ = {
			isa = XCBuildConfiguration;
			buildSettings = {
				ASSETCATALOG_COMPILER_APPICON_NAME = AppIcon;
				ASSETCATALOG_COMPILER_LAUNCHIMAGE_NAME = LaunchImage;
				GCC_PRECOMPILE_PREFIX_HEADER = YES;
				GCC_PREFIX_HEADER = "HitOrShit/HitOrShit-Prefix.pch";
				INFOPLIST_FILE = "HitOrShit/HitOrShit-Info.plist";
				PRODUCT_NAME = "$(TARGET_NAME)";
				WRAPPER_EXTENSION = app;
			};
			name = Debug;
		};
		4834317B194C7838002CD868 /* Release */ = {
			isa = XCBuildConfiguration;
			buildSettings = {
				ASSETCATALOG_COMPILER_APPICON_NAME = AppIcon;
				ASSETCATALOG_COMPILER_LAUNCHIMAGE_NAME = LaunchImage;
				GCC_PRECOMPILE_PREFIX_HEADER = YES;
				GCC_PREFIX_HEADER = "HitOrShit/HitOrShit-Prefix.pch";
				INFOPLIST_FILE = "HitOrShit/HitOrShit-Info.plist";
				PRODUCT_NAME = "$(TARGET_NAME)";
				WRAPPER_EXTENSION = app;
			};
			name = Release;
		};
		4834317D194C7838002CD868 /* Debug */ = {
			isa = XCBuildConfiguration;
			buildSettings = {
				BUNDLE_LOADER = "$(BUILT_PRODUCTS_DIR)/HitOrShit.app/HitOrShit";
				FRAMEWORK_SEARCH_PATHS = (
					"$(SDKROOT)/Developer/Library/Frameworks",
					"$(inherited)",
					"$(DEVELOPER_FRAMEWORKS_DIR)",
				);
				GCC_PRECOMPILE_PREFIX_HEADER = YES;
				GCC_PREFIX_HEADER = "HitOrShit/HitOrShit-Prefix.pch";
				GCC_PREPROCESSOR_DEFINITIONS = (
					"DEBUG=1",
					"$(inherited)",
				);
				INFOPLIST_FILE = "HitOrShitTests/HitOrShitTests-Info.plist";
				PRODUCT_NAME = "$(TARGET_NAME)";
				TEST_HOST = "$(BUNDLE_LOADER)";
				WRAPPER_EXTENSION = xctest;
			};
			name = Debug;
		};
		4834317E194C7838002CD868 /* Release */ = {
			isa = XCBuildConfiguration;
			buildSettings = {
				BUNDLE_LOADER = "$(BUILT_PRODUCTS_DIR)/HitOrShit.app/HitOrShit";
				FRAMEWORK_SEARCH_PATHS = (
					"$(SDKROOT)/Developer/Library/Frameworks",
					"$(inherited)",
					"$(DEVELOPER_FRAMEWORKS_DIR)",
				);
				GCC_PRECOMPILE_PREFIX_HEADER = YES;
				GCC_PREFIX_HEADER = "HitOrShit/HitOrShit-Prefix.pch";
				INFOPLIST_FILE = "HitOrShitTests/HitOrShitTests-Info.plist";
				PRODUCT_NAME = "$(TARGET_NAME)";
				TEST_HOST = "$(BUNDLE_LOADER)";
				WRAPPER_EXTENSION = xctest;
			};
			name = Release;
		};
/* End XCBuildConfiguration section */

/* Begin XCConfigurationList section */
		4834313C194C7838002CD868 /* Build configuration list for PBXProject "HitOrShit" */ = {
			isa = XCConfigurationList;
			buildConfigurations = (
				48343177194C7838002CD868 /* Debug */,
				48343178194C7838002CD868 /* Release */,
			);
			defaultConfigurationIsVisible = 0;
			defaultConfigurationName = Release;
		};
		48343179194C7838002CD868 /* Build configuration list for PBXNativeTarget "HitOrShit" */ = {
			isa = XCConfigurationList;
			buildConfigurations = (
				4834317A194C7838002CD868 /* Debug */,
				4834317B194C7838002CD868 /* Release */,
			);
			defaultConfigurationIsVisible = 0;
		};
		4834317C194C7838002CD868 /* Build configuration list for PBXNativeTarget "HitOrShitTests" */ = {
			isa = XCConfigurationList;
			buildConfigurations = (
				4834317D194C7838002CD868 /* Debug */,
				4834317E194C7838002CD868 /* Release */,
			);
			defaultConfigurationIsVisible = 0;
		};
/* End XCConfigurationList section */
	};
	rootObject = 48343139194C7838002CD868 /* Project object */;
}
