PODS:
  - AFNetworking (2.3.1):
    - AFNetworking/NSURLConnection (= 2.3.1)
    - AFNetworking/NSURLSession (= 2.3.1)
    - AFNetworking/Reachability (= 2.3.1)
    - AFNetworking/Security (= 2.3.1)
    - AFNetworking/Serialization (= 2.3.1)
    - AFNetworking/UIKit (= 2.3.1)
  - AFNetworking/NSURLConnection (2.3.1):
    - AFNetworking/Reachability
    - AFNetworking/Security
    - AFNetworking/Serialization
  - AFNetworking/NSURLSession (2.3.1):
    - AFNetworking/Reachability
    - AFNetworking/Security
    - AFNetworking/Serialization
  - AFNetworking/Reachability (2.3.1)
  - AFNetworking/Security (2.3.1)
  - AFNetworking/Serialization (2.3.1)
  - AFNetworking/UIKit (2.3.1):
    - AFNetworking/NSURLConnection
    - AFNetworking/NSURLSession
  - Bolts (1.1.0)
  - Facebook-iOS-SDK (3.16.2):
    - Bolts
  - FlurrySDK (4.3.0)
  - GoogleAnalytics-iOS-SDK (3.0.8)
  - HockeySDK (3.5.2)
  - MagicalRecord (2.2):
    - MagicalRecord/Core (= 2.2)
  - MagicalRecord/Core (2.2)
  - MaryPopin (1.4.1)
  - MBProgressHUD (0.8)
  - MMRecord (1.4.1):
    - MMRecord/Core (= 1.4.1)
  - MMRecord/Core (1.4.1)

DEPENDENCIES:
  - AFNetworking (~> 2.3)
  - Facebook-iOS-SDK (~> 3.14)
  - FlurrySDK (= 4.3.0)
  - GoogleAnalytics-iOS-SDK (~> 3.0)
  - HockeySDK (= 3.5.2)
  - MagicalRecord (~> 2.2)
  - MaryPopin (~> 1.4)
  - MBProgressHUD (~> 0.8)
  - MMRecord (~> 1.4.1)

SPEC CHECKSUMS:
  AFNetworking: 05b9f6e3aa5ac45bc383b4bb108ef338080a26c7
  Bolts: cbf2e714ee805a2a2c1fced24c6e3aae9fbc396e
  Facebook-iOS-SDK: 8b1e1af601f865f29973f750805d25724533e686
  FlurrySDK: 55b8e4c3124365f1ae0b9d5b12e936a0a864951d
  GoogleAnalytics-iOS-SDK: 6cf9ebbd7654bd7caf8530b80d7b9a4f4cdcc841
  HockeySDK: e0a43a1fd27b2bbb25a9ed546ed92836dee44e66
  MagicalRecord: f8a56bb87ab6552f20c4bb8681a1958a197ea3cd
  MaryPopin: 699380fda0b7bd4f3f6e82d30520c6eb1b08af71
  MBProgressHUD: 8688c331cb64702283be37ab8d7d329cdd25f251
  MMRecord: 1acac5fd8beeae77d7ecd8b4c9714731dd64751a

COCOAPODS: 0.36.4
